
Microsoft Visual Studio Solution File, Format Version 12.00
# Visual Studio Version 17
VisualStudioVersion = 17.6.33815.320
MinimumVisualStudioVersion = 10.0.40219.1
Project("{2150E333-8FDC-42A3-9474-1A3956D46DE8}") = "Services", "Services", "{DC63172A-5B99-4C8D-915B-DBB6018F50E6}"
EndProject
Project("{2150E333-8FDC-42A3-9474-1A3956D46DE8}") = "Catalog", "Catalog", "{A49382B8-2468-4AD0-AD8F-7EBA760A89A5}"
EndProject
Project("{9A19103F-16F7-4668-BE54-9A1E7A4F7556}") = "Catalog.API", "Services\Catalog\Catalog.API\Catalog.API.csproj", "{A6ACBB97-7E65-4486-A1EA-6233ECDE9478}"
EndProject
Project("{E53339B2-1760-4266-BCC7-CA923CBCF16C}") = "docker-compose", "docker-compose.dcproj", "{86201EAA-DE1B-41F2-B654-03AFAB605376}"
EndProject
Project("{2150E333-8FDC-42A3-9474-1A3956D46DE8}") = "Basket", "Basket", "{B483E4EB-67E3-4F3F-9F3C-C5C7CB507E6F}"
EndProject
Project("{9A19103F-16F7-4668-BE54-9A1E7A4F7556}") = "Basket.API", "Services\Basket\Basket.API\Basket.API.csproj", "{0F278B28-F75E-4F06-8133-8883B7A0F0E4}"
EndProject
Project("{2150E333-8FDC-42A3-9474-1A3956D46DE8}") = "Discount", "Discount", "{F628BBE4-3B74-44D9-A442-9DF08CBDBBD8}"
EndProject
Project("{9A19103F-16F7-4668-BE54-9A1E7A4F7556}") = "Discount.API", "Services\Discount\Discount.API\Discount.API.csproj", "{F920D76D-A5DD-4164-9B6F-E10DBD3387EB}"
EndProject
Project("{9A19103F-16F7-4668-BE54-9A1E7A4F7556}") = "Discount.Grpc", "Services\Discount\Discount.Grpc\Discount.Grpc.csproj", "{C0DB42F6-B6D6-4302-AF38-F47E170F9DA5}"
EndProject
Global
	GlobalSection(SolutionConfigurationPlatforms) = preSolution
		Debug|Any CPU = Debug|Any CPU
		Release|Any CPU = Release|Any CPU
	EndGlobalSection
	GlobalSection(ProjectConfigurationPlatforms) = postSolution
		{A6ACBB97-7E65-4486-A1EA-6233ECDE9478}.Debug|Any CPU.ActiveCfg = Debug|Any CPU
		{A6ACBB97-7E65-4486-A1EA-6233ECDE9478}.Debug|Any CPU.Build.0 = Debug|Any CPU
		{A6ACBB97-7E65-4486-A1EA-6233ECDE9478}.Release|Any CPU.ActiveCfg = Release|Any CPU
		{A6ACBB97-7E65-4486-A1EA-6233ECDE9478}.Release|Any CPU.Build.0 = Release|Any CPU
		{86201EAA-DE1B-41F2-B654-03AFAB605376}.Debug|Any CPU.ActiveCfg = Debug|Any CPU
		{86201EAA-DE1B-41F2-B654-03AFAB605376}.Debug|Any CPU.Build.0 = Debug|Any CPU
		{86201EAA-DE1B-41F2-B654-03AFAB605376}.Release|Any CPU.ActiveCfg = Release|Any CPU
		{86201EAA-DE1B-41F2-B654-03AFAB605376}.Release|Any CPU.Build.0 = Release|Any CPU
		{0F278B28-F75E-4F06-8133-8883B7A0F0E4}.Debug|Any CPU.ActiveCfg = Debug|Any CPU
		{0F278B28-F75E-4F06-8133-8883B7A0F0E4}.Debug|Any CPU.Build.0 = Debug|Any CPU
		{0F278B28-F75E-4F06-8133-8883B7A0F0E4}.Release|Any CPU.ActiveCfg = Release|Any CPU
		{0F278B28-F75E-4F06-8133-8883B7A0F0E4}.Release|Any CPU.Build.0 = Release|Any CPU
		{F920D76D-A5DD-4164-9B6F-E10DBD3387EB}.Debug|Any CPU.ActiveCfg = Debug|Any CPU
		{F920D76D-A5DD-4164-9B6F-E10DBD3387EB}.Debug|Any CPU.Build.0 = Debug|Any CPU
		{F920D76D-A5DD-4164-9B6F-E10DBD3387EB}.Release|Any CPU.ActiveCfg = Release|Any CPU
		{F920D76D-A5DD-4164-9B6F-E10DBD3387EB}.Release|Any CPU.Build.0 = Release|Any CPU
		{C0DB42F6-B6D6-4302-AF38-F47E170F9DA5}.Debug|Any CPU.ActiveCfg = Debug|Any CPU
		{C0DB42F6-B6D6-4302-AF38-F47E170F9DA5}.Debug|Any CPU.Build.0 = Debug|Any CPU
		{C0DB42F6-B6D6-4302-AF38-F47E170F9DA5}.Release|Any CPU.ActiveCfg = Release|Any CPU
		{C0DB42F6-B6D6-4302-AF38-F47E170F9DA5}.Release|Any CPU.Build.0 = Release|Any CPU
	EndGlobalSection
	GlobalSection(SolutionProperties) = preSolution
		HideSolutionNode = FALSE
	EndGlobalSection
	GlobalSection(NestedProjects) = preSolution
		{A49382B8-2468-4AD0-AD8F-7EBA760A89A5} = {DC63172A-5B99-4C8D-915B-DBB6018F50E6}
		{A6ACBB97-7E65-4486-A1EA-6233ECDE9478} = {A49382B8-2468-4AD0-AD8F-7EBA760A89A5}
		{B483E4EB-67E3-4F3F-9F3C-C5C7CB507E6F} = {DC63172A-5B99-4C8D-915B-DBB6018F50E6}
		{0F278B28-F75E-4F06-8133-8883B7A0F0E4} = {B483E4EB-67E3-4F3F-9F3C-C5C7CB507E6F}
		{F628BBE4-3B74-44D9-A442-9DF08CBDBBD8} = {DC63172A-5B99-4C8D-915B-DBB6018F50E6}
		{F920D76D-A5DD-4164-9B6F-E10DBD3387EB} = {F628BBE4-3B74-44D9-A442-9DF08CBDBBD8}
		{C0DB42F6-B6D6-4302-AF38-F47E170F9DA5} = {F628BBE4-3B74-44D9-A442-9DF08CBDBBD8}
	EndGlobalSection
	GlobalSection(ExtensibilityGlobals) = postSolution
		SolutionGuid = {851F4709-93CE-4FCD-9E0B-9EA7F8A351C8}
	EndGlobalSection
EndGlobal
